
Microsoft Visual Studio Solution File, Format Version 12.00
# Visual Studio 15
VisualStudioVersion = 15.0.27004.2005
MinimumVisualStudioVersion = 10.0.40219.1
Project("{FAE04EC0-301F-11D3-BF4B-00C04F79EFBC}") = "FastDuino.Parser", "FastDuino.Parser\FastDuino.Parser.csproj", "{EA478B94-4392-49AC-9839-7B8BA652B6B3}"
EndProject
Global
	GlobalSection(SolutionConfigurationPlatforms) = preSolution
		Debug|Any CPU = Debug|Any CPU
		Release|Any CPU = Release|Any CPU
	EndGlobalSection
	GlobalSection(ProjectConfigurationPlatforms) = postSolution
		{EA478B94-4392-49AC-9839-7B8BA652B6B3}.Debug|Any CPU.ActiveCfg = Debug|Any CPU
		{EA478B94-4392-49AC-9839-7B8BA652B6B3}.Debug|Any CPU.Build.0 = Debug|Any CPU
		{EA478B94-4392-49AC-9839-7B8BA652B6B3}.Release|Any CPU.ActiveCfg = Release|Any CPU
		{EA478B94-4392-49AC-9839-7B8BA652B6B3}.Release|Any CPU.Build.0 = Release|Any CPU
	EndGlobalSection
	GlobalSection(SolutionProperties) = preSolution
		HideSolutionNode = FALSE
	EndGlobalSection
	GlobalSection(ExtensibilityGlobals) = postSolution
		SolutionGuid = {4C942290-FD4B-4DF0-83EE-14154EC5D007}
	EndGlobalSection
EndGlobal
